{
  "name": "yuque-tools",
  "version": "1.0.0",
  "lockfileVersion": 3,
  "requires": true,
  "packages": {
    "": {
      "name": "yuque-tools",
      "version": "1.0.0",
      "license": "MIT",
      "devDependencies": {
        "pnpm": "^8.10.0"
      }
    },
    "node_modules/pnpm": {
      "version": "8.15.9",
      "resolved": "https://registry.npmmirror.com/pnpm/-/pnpm-8.15.9.tgz",
      "integrity": "sha512-SZQ0ydj90aJ5Tr9FUrOyXApjOrzuW7Fee13pDzL0e1E6ypjNXP0AHDHw20VLw4BO3M1XhQHkyik6aBYWa72fgQ==",
      "dev": true,
      "license": "MIT",
      "bin": {
        "pnpm": "bin/pnpm.cjs",
        "pnpx": "bin/pnpx.cjs"
      },
      "engines": {
        "node": ">=16.14"
      },
      "funding": {
        "url": "https://opencollective.com/pnpm"
      }
    }
  }
}
